// !$*UTF8*$!
{
	archiveVersion = 1;
	classes = {
	};
	objectVersion = 77;
	objects = {

/* Begin PBXBuildFile section */
		043CCA08E920A15F2D33E0D9 /* AlbumNameSheet.swift in Sources */ = {isa = PBXBuildFile; fileRef = D9141DFE1A59F9196258D1FE /* AlbumNameSheet.swift */; };
		052B26594991F08A37D70386 /* ViewerView.swift in Sources */ = {isa = PBXBuildFile; fileRef = D606AFF6E75C771D33520073 /* ViewerView.swift */; };
		0549E2253B30CC5BD12878D0 /* ShellNavUITest.swift in Sources */ = {isa = PBXBuildFile; fileRef = 1DDFEE5AD15378B895C7EEF8 /* ShellNavUITest.swift */; };
		0897B22A86ED6875ACDAC3BB /* ToastCapsule.swift in Sources */ = {isa = PBXBuildFile; fileRef = B700549866EDECB46A0197BA /* ToastCapsule.swift */; };
		0946AC57D4C002B454E0CF64 /* FavoritesView.swift in Sources */ = {isa = PBXBuildFile; fileRef = 90F2E660CC6B2C0491E64744 /* FavoritesView.swift */; };
		0A2C66A53CDFE64098F898F1 /* SplashView.swift in Sources */ = {isa = PBXBuildFile; fileRef = 175D8CFCE1C9A5F324CF286E /* SplashView.swift */; };
		11D0DCF382111EEA8EA282A5 /* TimelineGridUITest.swift in Sources */ = {isa = PBXBuildFile; fileRef = 557CD0155EF2B04131A54D7A /* TimelineGridUITest.swift */; };
		1881D71D2451F4DB729F359E /* SelectionTopBar.swift in Sources */ = {isa = PBXBuildFile; fileRef = B07292718418F3468E410800 /* SelectionTopBar.swift */; };
		19E416128EA2DF4DF6766D24 /* BackupView.swift in Sources */ = {isa = PBXBuildFile; fileRef = 41D4BE707FCC5D054D20D0E7 /* BackupView.swift */; };
		22EA1CB33A17DCC6FC82406D /* Assets.xcassets in Resources */ = {isa = PBXBuildFile; fileRef = F543015C899423D4B01CEB2E /* Assets.xcassets */; };
		230D698026616C52088C99D7 /* SearchView.swift in Sources */ = {isa = PBXBuildFile; fileRef = 1B91B444C23C8FB251C29DBB /* SearchView.swift */; };
		5ED704A200B5332D346B1C3A /* FilterChip.swift in Sources */ = {isa = PBXBuildFile; fileRef = 02EFA99582BDC3074DA47E30 /* FilterChip.swift */; };
		D962069582D857A204CB5353 /* SearchModel.swift in Sources */ = {isa = PBXBuildFile; fileRef = A85D574B6CD8B517EC18DD58 /* SearchModel.swift */; };
		F4C7278F5C77A8B17E87A642 /* DateRangeSheet.swift in Sources */ = {isa = PBXBuildFile; fileRef = C213666B9F39D3E915D157AF /* DateRangeSheet.swift */; };
		12A4F9A0207083A4580146CA /* AlbumFilterSheet.swift in Sources */ = {isa = PBXBuildFile; fileRef = 517E98CC572C94F895CCB728 /* AlbumFilterSheet.swift */; };
		C6E0399B7B4F142A25CCCA5C /* SearchUITest.swift in Sources */ = {isa = PBXBuildFile; fileRef = FA3FFCF14F3488990FD2D43F /* SearchUITest.swift */; };
		25BF18EF2C44DD5230868A08 /* BackupModel.swift in Sources */ = {isa = PBXBuildFile; fileRef = 1E5E2D77889D7E0767218740 /* BackupModel.swift */; };
		2924197FD7D715FC3762EF47 /* LoginScreenUITest.swift in Sources */ = {isa = PBXBuildFile; fileRef = DB6BAE9BE0A575AB23FA36EC /* LoginScreenUITest.swift */; };
		307C2654CD5972A25FB7FD87 /* iOSApp.swift in Sources */ = {isa = PBXBuildFile; fileRef = 668CECA83ACC03A83C85A623 /* iOSApp.swift */; };
		31F6BFEC641E12153DF5BB32 /* GridStates.swift in Sources */ = {isa = PBXBuildFile; fileRef = 02077E295FCD4E5E4382DA5A /* GridStates.swift */; };
		3261A7B5E69456317EF1A4A4 /* AlbumsModel.swift in Sources */ = {isa = PBXBuildFile; fileRef = FE12529FFAC6C3810BBB8DB8 /* AlbumsModel.swift */; };
		3AADAAF8C13DE32F33A44075 /* ArchiveView.swift in Sources */ = {isa = PBXBuildFile; fileRef = 2AD7AA373CC9FC168F01EDC9 /* ArchiveView.swift */; };
		3F179E5B025D60F1AC4EA2D7 /* PhotoCell.swift in Sources */ = {isa = PBXBuildFile; fileRef = 87200B165330F2B0B2F80447 /* PhotoCell.swift */; };
		454A7D76DE9EC1F687137929 /* CollectionsHubUITest.swift in Sources */ = {isa = PBXBuildFile; fileRef = AF2E08803D3D6D48DADE7A98 /* CollectionsHubUITest.swift */; };
		4807F3FCD1AB0A56CF33B879 /* LoginView.swift in Sources */ = {isa = PBXBuildFile; fileRef = E0973E84C5F53201549DF5E5 /* LoginView.swift */; };
		4F3E4A6598D538F786BF5C18 /* HomeTabView.swift in Sources */ = {isa = PBXBuildFile; fileRef = F949AE315CA21867B1B8E96E /* HomeTabView.swift */; };
		4F64FAD9DB93AC0771DDD737 /* TabsUITest.swift in Sources */ = {isa = PBXBuildFile; fileRef = 4FFA39F5CC69EA72D81034D4 /* TabsUITest.swift */; };
		56B0305B5D3847FC6B326502 /* ContentView.swift in Sources */ = {isa = PBXBuildFile; fileRef = CE8509E5A49E4A5CAAEB3ADB /* ContentView.swift */; };
		65FC29BFA6EDDC47D92DBCFF /* LogoutUITest.swift in Sources */ = {isa = PBXBuildFile; fileRef = B0D8C1B9BACC2723FA033554 /* LogoutUITest.swift */; };
		6AE8F0DCA2C7B563877ABC1E /* Theme.swift in Sources */ = {isa = PBXBuildFile; fileRef = 65385254441BBE01E137117D /* Theme.swift */; };
		6E8C0C6A2849D133C5F398A7 /* SelectionUITest.swift in Sources */ = {isa = PBXBuildFile; fileRef = 6764360B19D8844B9D11C3D7 /* SelectionUITest.swift */; };
		70BC1B72D4517890EAFC922A /* AlbumDetailView.swift in Sources */ = {isa = PBXBuildFile; fileRef = 271BF9D2C2E75658796DC02F /* AlbumDetailView.swift */; };
		718B9A73091C3671D094BCBE /* TimelineView.swift in Sources */ = {isa = PBXBuildFile; fileRef = 4939CB4E721A28519F3A1405 /* TimelineView.swift */; };
		771D7254218265673BCE2A8A /* LoginModel.swift in Sources */ = {isa = PBXBuildFile; fileRef = 7434EE11F639E527C79CB481 /* LoginModel.swift */; };
		7BE5894A1A1D425DE60818F6 /* LibraryModels.swift in Sources */ = {isa = PBXBuildFile; fileRef = 14FCDF862F8FB9CBC64C7E4C /* LibraryModels.swift */; };
		860F54753FD32795997799C5 /* Router.swift in Sources */ = {isa = PBXBuildFile; fileRef = EE8DA114CFA2DEF462793080 /* Router.swift */; };
		8C5DDC793B95F41F1CC55765 /* CreateView.swift in Sources */ = {isa = PBXBuildFile; fileRef = AF6D1EC00FCFDB5A9E62A35B /* CreateView.swift */; };
		8CFA909FB9D853834C9259E3 /* ViewerModel.swift in Sources */ = {isa = PBXBuildFile; fileRef = 4F7CDCF730B7773EADB53FA7 /* ViewerModel.swift */; };
		8D00FCB67F4A1FC81C244E9D /* AlbumLifecycleUITest.swift in Sources */ = {isa = PBXBuildFile; fileRef = 7A695969AB011CAF1A20C797 /* AlbumLifecycleUITest.swift */; };
		8F68835C9AA7D8CEBD398713 /* AddToAlbumSheet.swift in Sources */ = {isa = PBXBuildFile; fileRef = 4EBFC951F9A53627C26ACBD4 /* AddToAlbumSheet.swift */; };
		8FA0062F01F116EA24FFEBC2 /* SectionHeaders.swift in Sources */ = {isa = PBXBuildFile; fileRef = E6D539F54F1563B926C5528E /* SectionHeaders.swift */; };
		A03D54A21A05DB1341F03A27 /* LibraryStateView.swift in Sources */ = {isa = PBXBuildFile; fileRef = 773A0C0F2D3EBD89BBB8E4D9 /* LibraryStateView.swift */; };
		A3A979B1758037EEA7A35CE0 /* ShareSheet.swift in Sources */ = {isa = PBXBuildFile; fileRef = 1944B80BC5FFC5FA5890B926 /* ShareSheet.swift */; };
		ABFAB6104F96B9DF5F2B7AAE /* TrashView.swift in Sources */ = {isa = PBXBuildFile; fileRef = 01C5DD35EEE0F45F45055276 /* TrashView.swift */; };
		BC7B0FCA2A9A752F6E7A6CF8 /* ViewerInfoSheet.swift in Sources */ = {isa = PBXBuildFile; fileRef = 58C3A0EBEE6B06EC32006A71 /* ViewerInfoSheet.swift */; };
		BCEFD83FA87B3DE42880F4DA /* ViewerUITest.swift in Sources */ = {isa = PBXBuildFile; fileRef = A3D69D4ECFA590DA47FFF4F5 /* ViewerUITest.swift */; };
		BF95F79EE4092E77512204BC /* ViewerVideoPage.swift in Sources */ = {isa = PBXBuildFile; fileRef = D3F7CEC11AA8F9FEEAD7C03A /* ViewerVideoPage.swift */; };
		C2993A240CE73BD00F3ABEDA /* Notifications.swift in Sources */ = {isa = PBXBuildFile; fileRef = 8BB99612279384997A995F52 /* Notifications.swift */; };
		CA91D849358D280FDFFC61B1 /* TimelineModel.swift in Sources */ = {isa = PBXBuildFile; fileRef = AC95658CFCB025A7DE470E81 /* TimelineModel.swift */; };
		CB79956140C00B0D8BC25126 /* Zoomable.swift in Sources */ = {isa = PBXBuildFile; fileRef = EBE55C2F770C5A1A9BDC4A4A /* Zoomable.swift */; };
		CC3D3F398628199FAA478A69 /* LibraryRow.swift in Sources */ = {isa = PBXBuildFile; fileRef = AA34BE6E65E653211095779C /* LibraryRow.swift */; };
		CDE611D950EFC077F139CF3C /* AlbumDetailModel.swift in Sources */ = {isa = PBXBuildFile; fileRef = 1DFBECFCC9F496A5E5A7E4A9 /* AlbumDetailModel.swift */; };
		D1B959FC80548346C8E2D28B /* ThumbnailLoader.swift in Sources */ = {isa = PBXBuildFile; fileRef = 60A4C36DBC84410EB782E9F3 /* ThumbnailLoader.swift */; };
		DB8BE1BC5EDD8DBB5A5096AC /* MainFlowUITest.swift in Sources */ = {isa = PBXBuildFile; fileRef = E4024030CC0E2DA5FA26D404 /* MainFlowUITest.swift */; };
		F5C06AF3D35C44C42CA20BAC /* AlbumCard.swift in Sources */ = {isa = PBXBuildFile; fileRef = 64878F3690DB20F002CCAE2A /* AlbumCard.swift */; };
		F7200FBB83A54ED7D402E40F /* BackgroundBackupTrigger.swift in Sources */ = {isa = PBXBuildFile; fileRef = 9878258BB45FBEF11F9EA56F /* BackgroundBackupTrigger.swift */; };
		FA830F1061C91A02CB269FA8 /* LibraryStatesUITest.swift in Sources */ = {isa = PBXBuildFile; fileRef = 820167F00506216B414EB14E /* LibraryStatesUITest.swift */; };
		FD6D9B662504CD7BF0390176 /* CollectionsView.swift in Sources */ = {isa = PBXBuildFile; fileRef = FA45D5565F50D7DD5CB99F04 /* CollectionsView.swift */; };
		FFF93642A27B8411D7A8E6BE /* RootView.swift in Sources */ = {isa = PBXBuildFile; fileRef = 2925723D1B4AC9FBF45C9F3F /* RootView.swift */; };
		3A9F2C81E5B7D40C6F218A93 /* SettingsView.swift in Sources */ = {isa = PBXBuildFile; fileRef = 7E31A5C2D4F60B98A1C3E570 /* SettingsView.swift */; };
		9B4D7E20C1A3F5860E92B7D4 /* PhotoLibraryObserver.swift in Sources */ = {isa = PBXBuildFile; fileRef = 5C8E1F3A9B2D74E60A18C4F2 /* PhotoLibraryObserver.swift */; };
		4F7B9D13A6C2E8057D31F9B6 /* SettingsUITest.swift in Sources */ = {isa = PBXBuildFile; fileRef = 8A2C5E71F3B9D0462E85C1A7 /* SettingsUITest.swift */; };
/* End PBXBuildFile section */

/* Begin PBXContainerItemProxy section */
		AF7B34C8ADC44424B579AC0A /* PBXContainerItemProxy */ = {
			isa = PBXContainerItemProxy;
			containerPortal = 242FB5348943441C388468CE /* Project object */;
			proxyType = 1;
			remoteGlobalIDString = 78B53CC79860CBFC2F5543C6;
			remoteInfo = iosApp;
		};
/* End PBXContainerItemProxy section */

/* Begin PBXFileReference section */
		01C5DD35EEE0F45F45055276 /* TrashView.swift */ = {isa = PBXFileReference; lastKnownFileType = sourcecode.swift; path = TrashView.swift; sourceTree = "<group>"; };
		02077E295FCD4E5E4382DA5A /* GridStates.swift */ = {isa = PBXFileReference; lastKnownFileType = sourcecode.swift; path = GridStates.swift; sourceTree = "<group>"; };
		14FCDF862F8FB9CBC64C7E4C /* LibraryModels.swift */ = {isa = PBXFileReference; lastKnownFileType = sourcecode.swift; path = LibraryModels.swift; sourceTree = "<group>"; };
		175D8CFCE1C9A5F324CF286E /* SplashView.swift */ = {isa = PBXFileReference; lastKnownFileType = sourcecode.swift; path = SplashView.swift; sourceTree = "<group>"; };
		1944B80BC5FFC5FA5890B926 /* ShareSheet.swift */ = {isa = PBXFileReference; lastKnownFileType = sourcecode.swift; path = ShareSheet.swift; sourceTree = "<group>"; };
		1B91B444C23C8FB251C29DBB /* SearchView.swift */ = {isa = PBXFileReference; lastKnownFileType = sourcecode.swift; path = SearchView.swift; sourceTree = "<group>"; };
		02EFA99582BDC3074DA47E30 /* FilterChip.swift */ = {isa = PBXFileReference; lastKnownFileType = sourcecode.swift; path = FilterChip.swift; sourceTree = "<group>"; };
		A85D574B6CD8B517EC18DD58 /* SearchModel.swift */ = {isa = PBXFileReference; lastKnownFileType = sourcecode.swift; path = SearchModel.swift; sourceTree = "<group>"; };
		C213666B9F39D3E915D157AF /* DateRangeSheet.swift */ = {isa = PBXFileReference; lastKnownFileType = sourcecode.swift; path = DateRangeSheet.swift; sourceTree = "<group>"; };
		517E98CC572C94F895CCB728 /* AlbumFilterSheet.swift */ = {isa = PBXFileReference; lastKnownFileType = sourcecode.swift; path = AlbumFilterSheet.swift; sourceTree = "<group>"; };
		FA3FFCF14F3488990FD2D43F /* SearchUITest.swift */ = {isa = PBXFileReference; lastKnownFileType = sourcecode.swift; path = SearchUITest.swift; sourceTree = "<group>"; };
		1DDFEE5AD15378B895C7EEF8 /* ShellNavUITest.swift */ = {isa = PBXFileReference; lastKnownFileType = sourcecode.swift; path = ShellNavUITest.swift; sourceTree = "<group>"; };
		1DFBECFCC9F496A5E5A7E4A9 /* AlbumDetailModel.swift */ = {isa = PBXFileReference; lastKnownFileType = sourcecode.swift; path = AlbumDetailModel.swift; sourceTree = "<group>"; };
		1E5E2D77889D7E0767218740 /* BackupModel.swift */ = {isa = PBXFileReference; lastKnownFileType = sourcecode.swift; path = BackupModel.swift; sourceTree = "<group>"; };
		271BF9D2C2E75658796DC02F /* AlbumDetailView.swift */ = {isa = PBXFileReference; lastKnownFileType = sourcecode.swift; path = AlbumDetailView.swift; sourceTree = "<group>"; };
		2925723D1B4AC9FBF45C9F3F /* RootView.swift */ = {isa = PBXFileReference; lastKnownFileType = sourcecode.swift; path = RootView.swift; sourceTree = "<group>"; };
		2AD7AA373CC9FC168F01EDC9 /* ArchiveView.swift */ = {isa = PBXFileReference; lastKnownFileType = sourcecode.swift; path = ArchiveView.swift; sourceTree = "<group>"; };
		323906AFB18147ABEDEBDB38 /* iosAppUITests.xctest */ = {isa = PBXFileReference; includeInIndex = 0; lastKnownFileType = wrapper.cfbundle; path = iosAppUITests.xctest; sourceTree = BUILT_PRODUCTS_DIR; };
		41D4BE707FCC5D054D20D0E7 /* BackupView.swift */ = {isa = PBXFileReference; lastKnownFileType = sourcecode.swift; path = BackupView.swift; sourceTree = "<group>"; };
		4939CB4E721A28519F3A1405 /* TimelineView.swift */ = {isa = PBXFileReference; lastKnownFileType = sourcecode.swift; path = TimelineView.swift; sourceTree = "<group>"; };
		4EBFC951F9A53627C26ACBD4 /* AddToAlbumSheet.swift */ = {isa = PBXFileReference; lastKnownFileType = sourcecode.swift; path = AddToAlbumSheet.swift; sourceTree = "<group>"; };
		4F7CDCF730B7773EADB53FA7 /* ViewerModel.swift */ = {isa = PBXFileReference; lastKnownFileType = sourcecode.swift; path = ViewerModel.swift; sourceTree = "<group>"; };
		4FFA39F5CC69EA72D81034D4 /* TabsUITest.swift */ = {isa = PBXFileReference; lastKnownFileType = sourcecode.swift; path = TabsUITest.swift; sourceTree = "<group>"; };
		557CD0155EF2B04131A54D7A /* TimelineGridUITest.swift */ = {isa = PBXFileReference; lastKnownFileType = sourcecode.swift; path = TimelineGridUITest.swift; sourceTree = "<group>"; };
		58C3A0EBEE6B06EC32006A71 /* ViewerInfoSheet.swift */ = {isa = PBXFileReference; lastKnownFileType = sourcecode.swift; path = ViewerInfoSheet.swift; sourceTree = "<group>"; };
		60A4C36DBC84410EB782E9F3 /* ThumbnailLoader.swift */ = {isa = PBXFileReference; lastKnownFileType = sourcecode.swift; path = ThumbnailLoader.swift; sourceTree = "<group>"; };
		64878F3690DB20F002CCAE2A /* AlbumCard.swift */ = {isa = PBXFileReference; lastKnownFileType = sourcecode.swift; path = AlbumCard.swift; sourceTree = "<group>"; };
		65385254441BBE01E137117D /* Theme.swift */ = {isa = PBXFileReference; lastKnownFileType = sourcecode.swift; path = Theme.swift; sourceTree = "<group>"; };
		668CECA83ACC03A83C85A623 /* iOSApp.swift */ = {isa = PBXFileReference; lastKnownFileType = sourcecode.swift; path = iOSApp.swift; sourceTree = "<group>"; };
		6764360B19D8844B9D11C3D7 /* SelectionUITest.swift */ = {isa = PBXFileReference; lastKnownFileType = sourcecode.swift; path = SelectionUITest.swift; sourceTree = "<group>"; };
		7434EE11F639E527C79CB481 /* LoginModel.swift */ = {isa = PBXFileReference; lastKnownFileType = sourcecode.swift; path = LoginModel.swift; sourceTree = "<group>"; };
		773A0C0F2D3EBD89BBB8E4D9 /* LibraryStateView.swift */ = {isa = PBXFileReference; lastKnownFileType = sourcecode.swift; path = LibraryStateView.swift; sourceTree = "<group>"; };
		7A695969AB011CAF1A20C797 /* AlbumLifecycleUITest.swift */ = {isa = PBXFileReference; lastKnownFileType = sourcecode.swift; path = AlbumLifecycleUITest.swift; sourceTree = "<group>"; };
		820167F00506216B414EB14E /* LibraryStatesUITest.swift */ = {isa = PBXFileReference; lastKnownFileType = sourcecode.swift; path = LibraryStatesUITest.swift; sourceTree = "<group>"; };
		86038AE1032E284E79B32AD6 /* iosApp.app */ = {isa = PBXFileReference; includeInIndex = 0; lastKnownFileType = wrapper.application; path = iosApp.app; sourceTree = BUILT_PRODUCTS_DIR; };
		87200B165330F2B0B2F80447 /* PhotoCell.swift */ = {isa = PBXFileReference; lastKnownFileType = sourcecode.swift; path = PhotoCell.swift; sourceTree = "<group>"; };
		8BB99612279384997A995F52 /* Notifications.swift */ = {isa = PBXFileReference; lastKnownFileType = sourcecode.swift; path = Notifications.swift; sourceTree = "<group>"; };
		90F2E660CC6B2C0491E64744 /* FavoritesView.swift */ = {isa = PBXFileReference; lastKnownFileType = sourcecode.swift; path = FavoritesView.swift; sourceTree = "<group>"; };
		9878258BB45FBEF11F9EA56F /* BackgroundBackupTrigger.swift */ = {isa = PBXFileReference; lastKnownFileType = sourcecode.swift; path = BackgroundBackupTrigger.swift; sourceTree = "<group>"; };
		A3D69D4ECFA590DA47FFF4F5 /* ViewerUITest.swift */ = {isa = PBXFileReference; lastKnownFileType = sourcecode.swift; path = ViewerUITest.swift; sourceTree = "<group>"; };
		AA34BE6E65E653211095779C /* LibraryRow.swift */ = {isa = PBXFileReference; lastKnownFileType = sourcecode.swift; path = LibraryRow.swift; sourceTree = "<group>"; };
		AC95658CFCB025A7DE470E81 /* TimelineModel.swift */ = {isa = PBXFileReference; lastKnownFileType = sourcecode.swift; path = TimelineModel.swift; sourceTree = "<group>"; };
		AF2E08803D3D6D48DADE7A98 /* CollectionsHubUITest.swift */ = {isa = PBXFileReference; lastKnownFileType = sourcecode.swift; path = CollectionsHubUITest.swift; sourceTree = "<group>"; };
		AF6D1EC00FCFDB5A9E62A35B /* CreateView.swift */ = {isa = PBXFileReference; lastKnownFileType = sourcecode.swift; path = CreateView.swift; sourceTree = "<group>"; };
		B07292718418F3468E410800 /* SelectionTopBar.swift */ = {isa = PBXFileReference; lastKnownFileType = sourcecode.swift; path = SelectionTopBar.swift; sourceTree = "<group>"; };
		B0D8C1B9BACC2723FA033554 /* LogoutUITest.swift */ = {isa = PBXFileReference; lastKnownFileType = sourcecode.swift; path = LogoutUITest.swift; sourceTree = "<group>"; };
		B700549866EDECB46A0197BA /* ToastCapsule.swift */ = {isa = PBXFileReference; lastKnownFileType = sourcecode.swift; path = ToastCapsule.swift; sourceTree = "<group>"; };
		CE8509E5A49E4A5CAAEB3ADB /* ContentView.swift */ = {isa = PBXFileReference; lastKnownFileType = sourcecode.swift; path = ContentView.swift; sourceTree = "<group>"; };
		D3F7CEC11AA8F9FEEAD7C03A /* ViewerVideoPage.swift */ = {isa = PBXFileReference; lastKnownFileType = sourcecode.swift; path = ViewerVideoPage.swift; sourceTree = "<group>"; };
		D606AFF6E75C771D33520073 /* ViewerView.swift */ = {isa = PBXFileReference; lastKnownFileType = sourcecode.swift; path = ViewerView.swift; sourceTree = "<group>"; };
		D9141DFE1A59F9196258D1FE /* AlbumNameSheet.swift */ = {isa = PBXFileReference; lastKnownFileType = sourcecode.swift; path = AlbumNameSheet.swift; sourceTree = "<group>"; };
		DB6BAE9BE0A575AB23FA36EC /* LoginScreenUITest.swift */ = {isa = PBXFileReference; lastKnownFileType = sourcecode.swift; path = LoginScreenUITest.swift; sourceTree = "<group>"; };
		E0973E84C5F53201549DF5E5 /* LoginView.swift */ = {isa = PBXFileReference; lastKnownFileType = sourcecode.swift; path = LoginView.swift; sourceTree = "<group>"; };
		E4024030CC0E2DA5FA26D404 /* MainFlowUITest.swift */ = {isa = PBXFileReference; lastKnownFileType = sourcecode.swift; path = MainFlowUITest.swift; sourceTree = "<group>"; };
		E6D539F54F1563B926C5528E /* SectionHeaders.swift */ = {isa = PBXFileReference; lastKnownFileType = sourcecode.swift; path = SectionHeaders.swift; sourceTree = "<group>"; };
		EBE55C2F770C5A1A9BDC4A4A /* Zoomable.swift */ = {isa = PBXFileReference; lastKnownFileType = sourcecode.swift; path = Zoomable.swift; sourceTree = "<group>"; };
		EE8DA114CFA2DEF462793080 /* Router.swift */ = {isa = PBXFileReference; lastKnownFileType = sourcecode.swift; path = Router.swift; sourceTree = "<group>"; };
		F543015C899423D4B01CEB2E /* Assets.xcassets */ = {isa = PBXFileReference; lastKnownFileType = folder.assetcatalog; path = Assets.xcassets; sourceTree = "<group>"; };
		F949AE315CA21867B1B8E96E /* HomeTabView.swift */ = {isa = PBXFileReference; lastKnownFileType = sourcecode.swift; path = HomeTabView.swift; sourceTree = "<group>"; };
		FA45D5565F50D7DD5CB99F04 /* CollectionsView.swift */ = {isa = PBXFileReference; lastKnownFileType = sourcecode.swift; path = CollectionsView.swift; sourceTree = "<group>"; };
		FE12529FFAC6C3810BBB8DB8 /* AlbumsModel.swift */ = {isa = PBXFileReference; lastKnownFileType = sourcecode.swift; path = AlbumsModel.swift; sourceTree = "<group>"; };
		7E31A5C2D4F60B98A1C3E570 /* SettingsView.swift */ = {isa = PBXFileReference; lastKnownFileType = sourcecode.swift; path = SettingsView.swift; sourceTree = "<group>"; };
		5C8E1F3A9B2D74E60A18C4F2 /* PhotoLibraryObserver.swift */ = {isa = PBXFileReference; lastKnownFileType = sourcecode.swift; path = PhotoLibraryObserver.swift; sourceTree = "<group>"; };
		8A2C5E71F3B9D0462E85C1A7 /* SettingsUITest.swift */ = {isa = PBXFileReference; lastKnownFileType = sourcecode.swift; path = SettingsUITest.swift; sourceTree = "<group>"; };
/* End PBXFileReference section */

/* Begin PBXGroup section */
		0410E2F1BD7C0F6A7C6F44A8 /* navigation */ = {
			isa = PBXGroup;
			children = (
				EE8DA114CFA2DEF462793080 /* Router.swift */,
			);
			path = navigation;
			sourceTree = "<group>";
		};
		1449397359226F9AD1901149 /* viewer */ = {
			isa = PBXGroup;
			children = (
				58C3A0EBEE6B06EC32006A71 /* ViewerInfoSheet.swift */,
				4F7CDCF730B7773EADB53FA7 /* ViewerModel.swift */,
				D3F7CEC11AA8F9FEEAD7C03A /* ViewerVideoPage.swift */,
				D606AFF6E75C771D33520073 /* ViewerView.swift */,
			);
			path = viewer;
			sourceTree = "<group>";
		};
		1DB4B685CAEE8BEFEBBAEF94 /* iosApp */ = {
			isa = PBXGroup;
			children = (
				F543015C899423D4B01CEB2E /* Assets.xcassets */,
				9878258BB45FBEF11F9EA56F /* BackgroundBackupTrigger.swift */,
				CE8509E5A49E4A5CAAEB3ADB /* ContentView.swift */,
				668CECA83ACC03A83C85A623 /* iOSApp.swift */,
				2925723D1B4AC9FBF45C9F3F /* RootView.swift */,
				175D8CFCE1C9A5F324CF286E /* SplashView.swift */,
				BE418FD03AD76A200CFACB11 /* backup */,
				2F41DAEFDDF82932E3446FCE /* collections */,
				343EA9CFCA6BF29F51B669C0 /* components */,
				BE7601F6A884B30E4C9569A0 /* create */,
				C6901CD1E9153B2349A66ECB /* home */,
				1E30C72E472E1178551AE5BB /* library */,
				A24F8A435F3D2FBE59F2E496 /* login */,
				0410E2F1BD7C0F6A7C6F44A8 /* navigation */,
				9D71C3815ADB42FD22AE40D0 /* search */,
				2D6F9A31C8E5B7042F1A6D83 /* settings */,
				65EB5C2BFD56E44F1A191246 /* timeline */,
				1449397359226F9AD1901149 /* viewer */,
			);
			path = iosApp;
			sourceTree = "<group>";
		};
		1E30C72E472E1178551AE5BB /* library */ = {
			isa = PBXGroup;
			children = (
				2AD7AA373CC9FC168F01EDC9 /* ArchiveView.swift */,
				90F2E660CC6B2C0491E64744 /* FavoritesView.swift */,
				14FCDF862F8FB9CBC64C7E4C /* LibraryModels.swift */,
				773A0C0F2D3EBD89BBB8E4D9 /* LibraryStateView.swift */,
				01C5DD35EEE0F45F45055276 /* TrashView.swift */,
			);
			path = library;
			sourceTree = "<group>";
		};
		2F41DAEFDDF82932E3446FCE /* collections */ = {
			isa = PBXGroup;
			children = (
				1DFBECFCC9F496A5E5A7E4A9 /* AlbumDetailModel.swift */,
				271BF9D2C2E75658796DC02F /* AlbumDetailView.swift */,
				FE12529FFAC6C3810BBB8DB8 /* AlbumsModel.swift */,
				FA45D5565F50D7DD5CB99F04 /* CollectionsView.swift */,
			);
			path = collections;
			sourceTree = "<group>";
		};
		343EA9CFCA6BF29F51B669C0 /* components */ = {
			isa = PBXGroup;
			children = (
				4EBFC951F9A53627C26ACBD4 /* AddToAlbumSheet.swift */,
				64878F3690DB20F002CCAE2A /* AlbumCard.swift */,
				D9141DFE1A59F9196258D1FE /* AlbumNameSheet.swift */,
				02077E295FCD4E5E4382DA5A /* GridStates.swift */,
				AA34BE6E65E653211095779C /* LibraryRow.swift */,
				8BB99612279384997A995F52 /* Notifications.swift */,
				87200B165330F2B0B2F80447 /* PhotoCell.swift */,
				E6D539F54F1563B926C5528E /* SectionHeaders.swift */,
				B07292718418F3468E410800 /* SelectionTopBar.swift */,
				1944B80BC5FFC5FA5890B926 /* ShareSheet.swift */,
				B700549866EDECB46A0197BA /* ToastCapsule.swift */,
				EBE55C2F770C5A1A9BDC4A4A /* Zoomable.swift */,
				02EFA99582BDC3074DA47E30 /* FilterChip.swift */,
			);
			path = components;
			sourceTree = "<group>";
		};
		38B69C3F79CD97858CF7B609 = {
			isa = PBXGroup;
			children = (
				1DB4B685CAEE8BEFEBBAEF94 /* iosApp */,
				FC16215C5E8EEAF655CB992F /* iosAppUITests */,
				AE37BDFFF82A250A583AEEDD /* Theme */,
				94C98B8B3A2BFC1966447269 /* Products */,
			);
			sourceTree = "<group>";
		};
		65EB5C2BFD56E44F1A191246 /* timeline */ = {
			isa = PBXGroup;
			children = (
				60A4C36DBC84410EB782E9F3 /* ThumbnailLoader.swift */,
				AC95658CFCB025A7DE470E81 /* TimelineModel.swift */,
				4939CB4E721A28519F3A1405 /* TimelineView.swift */,
			);
			path = timeline;
			sourceTree = "<group>";
		};
		94C98B8B3A2BFC1966447269 /* Products */ = {
			isa = PBXGroup;
			children = (
				86038AE1032E284E79B32AD6 /* iosApp.app */,
				323906AFB18147ABEDEBDB38 /* iosAppUITests.xctest */,
			);
			name = Products;
			sourceTree = "<group>";
		};
		9D71C3815ADB42FD22AE40D0 /* search */ = {
			isa = PBXGroup;
			children = (
				1B91B444C23C8FB251C29DBB /* SearchView.swift */,
				A85D574B6CD8B517EC18DD58 /* SearchModel.swift */,
				C213666B9F39D3E915D157AF /* DateRangeSheet.swift */,
				517E98CC572C94F895CCB728 /* AlbumFilterSheet.swift */,
			);
			path = search;
			sourceTree = "<group>";
		};
		A24F8A435F3D2FBE59F2E496 /* login */ = {
			isa = PBXGroup;
			children = (
				7434EE11F639E527C79CB481 /* LoginModel.swift */,
				E0973E84C5F53201549DF5E5 /* LoginView.swift */,
			);
			path = login;
			sourceTree = "<group>";
		};
		AE37BDFFF82A250A583AEEDD /* Theme */ = {
			isa = PBXGroup;
			children = (
				65385254441BBE01E137117D /* Theme.swift */,
			);
			path = Theme;
			sourceTree = "<group>";
		};
		BE418FD03AD76A200CFACB11 /* backup */ = {
			isa = PBXGroup;
			children = (
				1E5E2D77889D7E0767218740 /* BackupModel.swift */,
				41D4BE707FCC5D054D20D0E7 /* BackupView.swift */,
				5C8E1F3A9B2D74E60A18C4F2 /* PhotoLibraryObserver.swift */,
			);
			path = backup;
			sourceTree = "<group>";
		};
		2D6F9A31C8E5B7042F1A6D83 /* settings */ = {
			isa = PBXGroup;
			children = (
				7E31A5C2D4F60B98A1C3E570 /* SettingsView.swift */,
			);
			path = settings;
			sourceTree = "<group>";
		};
		BE7601F6A884B30E4C9569A0 /* create */ = {
			isa = PBXGroup;
			children = (
				AF6D1EC00FCFDB5A9E62A35B /* CreateView.swift */,
			);
			path = create;
			sourceTree = "<group>";
		};
		C6901CD1E9153B2349A66ECB /* home */ = {
			isa = PBXGroup;
			children = (
				F949AE315CA21867B1B8E96E /* HomeTabView.swift */,
			);
			path = home;
			sourceTree = "<group>";
		};
		FC16215C5E8EEAF655CB992F /* iosAppUITests */ = {
			isa = PBXGroup;
			children = (
				7A695969AB011CAF1A20C797 /* AlbumLifecycleUITest.swift */,
				AF2E08803D3D6D48DADE7A98 /* CollectionsHubUITest.swift */,
				820167F00506216B414EB14E /* LibraryStatesUITest.swift */,
				DB6BAE9BE0A575AB23FA36EC /* LoginScreenUITest.swift */,
				B0D8C1B9BACC2723FA033554 /* LogoutUITest.swift */,
				E4024030CC0E2DA5FA26D404 /* MainFlowUITest.swift */,
				6764360B19D8844B9D11C3D7 /* SelectionUITest.swift */,
				1DDFEE5AD15378B895C7EEF8 /* ShellNavUITest.swift */,
				4FFA39F5CC69EA72D81034D4 /* TabsUITest.swift */,
				557CD0155EF2B04131A54D7A /* TimelineGridUITest.swift */,
				A3D69D4ECFA590DA47FFF4F5 /* ViewerUITest.swift */,
				FA3FFCF14F3488990FD2D43F /* SearchUITest.swift */,
				8A2C5E71F3B9D0462E85C1A7 /* SettingsUITest.swift */,
			);
			path = iosAppUITests;
			sourceTree = "<group>";
		};
/* End PBXGroup section */

/* Begin PBXNativeTarget section */
		78B53CC79860CBFC2F5543C6 /* iosApp */ = {
			isa = PBXNativeTarget;
			buildConfigurationList = 29DCA9F0B3A40325067EB163 /* Build configuration list for PBXNativeTarget "iosApp" */;
			buildPhases = (
				B8263E47D637CF7088C58E36 /* Build Shared.framework (gradle) */,
				297B59D9CE634556D6007C40 /* Sources */,
				1623B02D10928C8101C1F806 /* Resources */,
			);
			buildRules = (
			);
			dependencies = (
			);
			name = iosApp;
			packageProductDependencies = (
			);
			productName = iosApp;
			productReference = 86038AE1032E284E79B32AD6 /* iosApp.app */;
			productType = "com.apple.product-type.application";
		};
		C6FCE5742C7A4D59A165E213 /* iosAppUITests */ = {
			isa = PBXNativeTarget;
			buildConfigurationList = 23A9D56B778ED352702A9EC4 /* Build configuration list for PBXNativeTarget "iosAppUITests" */;
			buildPhases = (
				230C1ACAE727061B7F5FBD3D /* Sources */,
			);
			buildRules = (
			);
			dependencies = (
				1155A4D5B3A0F847BB943AC1 /* PBXTargetDependency */,
			);
			name = iosAppUITests;
			packageProductDependencies = (
			);
			productName = iosAppUITests;
			productReference = 323906AFB18147ABEDEBDB38 /* iosAppUITests.xctest */;
			productType = "com.apple.product-type.bundle.ui-testing";
		};
/* End PBXNativeTarget section */

/* Begin PBXProject section */
		242FB5348943441C388468CE /* Project object */ = {
			isa = PBXProject;
			attributes = {
				BuildIndependentTargetsInParallel = YES;
				LastUpgradeCheck = 1430;
				TargetAttributes = {
					C6FCE5742C7A4D59A165E213 = {
						TestTargetID = 78B53CC79860CBFC2F5543C6;
					};
				};
			};
			buildConfigurationList = FF7CA1CA754D017066F1822F /* Build configuration list for PBXProject "iosApp" */;
			compatibilityVersion = "Xcode 14.0";
			developmentRegion = en;
			hasScannedForEncodings = 0;
			knownRegions = (
				Base,
				en,
			);
			mainGroup = 38B69C3F79CD97858CF7B609;
			minimizedProjectReferenceProxies = 1;
			preferredProjectObjectVersion = 77;
			projectDirPath = "";
			projectRoot = "";
			targets = (
				78B53CC79860CBFC2F5543C6 /* iosApp */,
				C6FCE5742C7A4D59A165E213 /* iosAppUITests */,
			);
		};
/* End PBXProject section */

/* Begin PBXResourcesBuildPhase section */
		1623B02D10928C8101C1F806 /* Resources */ = {
			isa = PBXResourcesBuildPhase;
			buildActionMask = 2147483647;
			files = (
				22EA1CB33A17DCC6FC82406D /* Assets.xcassets in Resources */,
			);
			runOnlyForDeploymentPostprocessing = 0;
		};
/* End PBXResourcesBuildPhase section */

/* Begin PBXShellScriptBuildPhase section */
		B8263E47D637CF7088C58E36 /* Build Shared.framework (gradle) */ = {
			isa = PBXShellScriptBuildPhase;
			alwaysOutOfDate = 1;
			buildActionMask = 2147483647;
			files = (
			);
			inputFileListPaths = (
			);
			inputPaths = (
			);
			name = "Build Shared.framework (gradle)";
			outputFileListPaths = (
			);
			outputPaths = (
			);
			runOnlyForDeploymentPostprocessing = 0;
			shellPath = /bin/sh;
			shellScript = "cd \"$SRCROOT/..\"\n./gradlew :shared:embedAndSignAppleFrameworkForXcode\n";
		};
/* End PBXShellScriptBuildPhase section */

/* Begin PBXSourcesBuildPhase section */
		230C1ACAE727061B7F5FBD3D /* Sources */ = {
			isa = PBXSourcesBuildPhase;
			buildActionMask = 2147483647;
			files = (
				8D00FCB67F4A1FC81C244E9D /* AlbumLifecycleUITest.swift in Sources */,
				454A7D76DE9EC1F687137929 /* CollectionsHubUITest.swift in Sources */,
				FA830F1061C91A02CB269FA8 /* LibraryStatesUITest.swift in Sources */,
				2924197FD7D715FC3762EF47 /* LoginScreenUITest.swift in Sources */,
				65FC29BFA6EDDC47D92DBCFF /* LogoutUITest.swift in Sources */,
				DB8BE1BC5EDD8DBB5A5096AC /* MainFlowUITest.swift in Sources */,
				6E8C0C6A2849D133C5F398A7 /* SelectionUITest.swift in Sources */,
				0549E2253B30CC5BD12878D0 /* ShellNavUITest.swift in Sources */,
				4F64FAD9DB93AC0771DDD737 /* TabsUITest.swift in Sources */,
				11D0DCF382111EEA8EA282A5 /* TimelineGridUITest.swift in Sources */,
				BCEFD83FA87B3DE42880F4DA /* ViewerUITest.swift in Sources */,
				C6E0399B7B4F142A25CCCA5C /* SearchUITest.swift in Sources */,
				4F7B9D13A6C2E8057D31F9B6 /* SettingsUITest.swift in Sources */,
			);
			runOnlyForDeploymentPostprocessing = 0;
		};
		297B59D9CE634556D6007C40 /* Sources */ = {
			isa = PBXSourcesBuildPhase;
			buildActionMask = 2147483647;
			files = (
				8F68835C9AA7D8CEBD398713 /* AddToAlbumSheet.swift in Sources */,
				F5C06AF3D35C44C42CA20BAC /* AlbumCard.swift in Sources */,
				CDE611D950EFC077F139CF3C /* AlbumDetailModel.swift in Sources */,
				70BC1B72D4517890EAFC922A /* AlbumDetailView.swift in Sources */,
				043CCA08E920A15F2D33E0D9 /* AlbumNameSheet.swift in Sources */,
				3261A7B5E69456317EF1A4A4 /* AlbumsModel.swift in Sources */,
				3AADAAF8C13DE32F33A44075 /* ArchiveView.swift in Sources */,
				F7200FBB83A54ED7D402E40F /* BackgroundBackupTrigger.swift in Sources */,
				25BF18EF2C44DD5230868A08 /* BackupModel.swift in Sources */,
				19E416128EA2DF4DF6766D24 /* BackupView.swift in Sources */,
				FD6D9B662504CD7BF0390176 /* CollectionsView.swift in Sources */,
				56B0305B5D3847FC6B326502 /* ContentView.swift in Sources */,
				8C5DDC793B95F41F1CC55765 /* CreateView.swift in Sources */,
				0946AC57D4C002B454E0CF64 /* FavoritesView.swift in Sources */,
				31F6BFEC641E12153DF5BB32 /* GridStates.swift in Sources */,
				4F3E4A6598D538F786BF5C18 /* HomeTabView.swift in Sources */,
				7BE5894A1A1D425DE60818F6 /* LibraryModels.swift in Sources */,
				CC3D3F398628199FAA478A69 /* LibraryRow.swift in Sources */,
				A03D54A21A05DB1341F03A27 /* LibraryStateView.swift in Sources */,
				771D7254218265673BCE2A8A /* LoginModel.swift in Sources */,
				4807F3FCD1AB0A56CF33B879 /* LoginView.swift in Sources */,
				C2993A240CE73BD00F3ABEDA /* Notifications.swift in Sources */,
				3F179E5B025D60F1AC4EA2D7 /* PhotoCell.swift in Sources */,
				FFF93642A27B8411D7A8E6BE /* RootView.swift in Sources */,
				860F54753FD32795997799C5 /* Router.swift in Sources */,
				230D698026616C52088C99D7 /* SearchView.swift in Sources */,
				D962069582D857A204CB5353 /* SearchModel.swift in Sources */,
				3A9F2C81E5B7D40C6F218A93 /* SettingsView.swift in Sources */,
				9B4D7E20C1A3F5860E92B7D4 /* PhotoLibraryObserver.swift in Sources */,
				F4C7278F5C77A8B17E87A642 /* DateRangeSheet.swift in Sources */,
				12A4F9A0207083A4580146CA /* AlbumFilterSheet.swift in Sources */,
				5ED704A200B5332D346B1C3A /* FilterChip.swift in Sources */,
				8FA0062F01F116EA24FFEBC2 /* SectionHeaders.swift in Sources */,
				1881D71D2451F4DB729F359E /* SelectionTopBar.swift in Sources */,
				A3A979B1758037EEA7A35CE0 /* ShareSheet.swift in Sources */,
				0A2C66A53CDFE64098F898F1 /* SplashView.swift in Sources */,
				6AE8F0DCA2C7B563877ABC1E /* Theme.swift in Sources */,
				D1B959FC80548346C8E2D28B /* ThumbnailLoader.swift in Sources */,
				CA91D849358D280FDFFC61B1 /* TimelineModel.swift in Sources */,
				718B9A73091C3671D094BCBE /* TimelineView.swift in Sources */,
				0897B22A86ED6875ACDAC3BB /* ToastCapsule.swift in Sources */,
				ABFAB6104F96B9DF5F2B7AAE /* TrashView.swift in Sources */,
				BC7B0FCA2A9A752F6E7A6CF8 /* ViewerInfoSheet.swift in Sources */,
				8CFA909FB9D853834C9259E3 /* ViewerModel.swift in Sources */,
				BF95F79EE4092E77512204BC /* ViewerVideoPage.swift in Sources */,
				052B26594991F08A37D70386 /* ViewerView.swift in Sources */,
				CB79956140C00B0D8BC25126 /* Zoomable.swift in Sources */,
				307C2654CD5972A25FB7FD87 /* iOSApp.swift in Sources */,
			);
			runOnlyForDeploymentPostprocessing = 0;
		};
/* End PBXSourcesBuildPhase section */

/* Begin PBXTargetDependency section */
		1155A4D5B3A0F847BB943AC1 /* PBXTargetDependency */ = {
			isa = PBXTargetDependency;
			target = 78B53CC79860CBFC2F5543C6 /* iosApp */;
			targetProxy = AF7B34C8ADC44424B579AC0A /* PBXContainerItemProxy */;
		};
/* End PBXTargetDependency section */

/* Begin XCBuildConfiguration section */
		11814011E7D6EC822BFBC66D /* Release */ = {
			isa = XCBuildConfiguration;
			buildSettings = {
				ALWAYS_SEARCH_USER_PATHS = NO;
				CLANG_ANALYZER_NONNULL = YES;
				CLANG_ANALYZER_NUMBER_OBJECT_CONVERSION = YES_AGGRESSIVE;
				CLANG_CXX_LANGUAGE_STANDARD = "gnu++14";
				CLANG_CXX_LIBRARY = "libc++";
				CLANG_ENABLE_MODULES = YES;
				CLANG_ENABLE_OBJC_ARC = YES;
				CLANG_ENABLE_OBJC_WEAK = YES;
				CLANG_WARN_BLOCK_CAPTURE_AUTORELEASING = YES;
				CLANG_WARN_BOOL_CONVERSION = YES;
				CLANG_WARN_COMMA = YES;
				CLANG_WARN_CONSTANT_CONVERSION = YES;
				CLANG_WARN_DEPRECATED_OBJC_IMPLEMENTATIONS = YES;
				CLANG_WARN_DIRECT_OBJC_ISA_USAGE = YES_ERROR;
				CLANG_WARN_DOCUMENTATION_COMMENTS = YES;
				CLANG_WARN_EMPTY_BODY = YES;
				CLANG_WARN_ENUM_CONVERSION = YES;
				CLANG_WARN_INFINITE_RECURSION = YES;
				CLANG_WARN_INT_CONVERSION = YES;
				CLANG_WARN_NON_LITERAL_NULL_CONVERSION = YES;
				CLANG_WARN_OBJC_IMPLICIT_RETAIN_SELF = YES;
				CLANG_WARN_OBJC_LITERAL_CONVERSION = YES;
				CLANG_WARN_OBJC_ROOT_CLASS = YES_ERROR;
				CLANG_WARN_QUOTED_INCLUDE_IN_FRAMEWORK_HEADER = YES;
				CLANG_WARN_RANGE_LOOP_ANALYSIS = YES;
				CLANG_WARN_STRICT_PROTOTYPES = YES;
				CLANG_WARN_SUSPICIOUS_MOVE = YES;
				CLANG_WARN_UNGUARDED_AVAILABILITY = YES_AGGRESSIVE;
				CLANG_WARN_UNREACHABLE_CODE = YES;
				CLANG_WARN__DUPLICATE_METHOD_MATCH = YES;
				COPY_PHASE_STRIP = NO;
				DEBUG_INFORMATION_FORMAT = "dwarf-with-dsym";
				ENABLE_NS_ASSERTIONS = NO;
				ENABLE_STRICT_OBJC_MSGSEND = YES;
				ENABLE_USER_SCRIPT_SANDBOXING = NO;
				GCC_C_LANGUAGE_STANDARD = gnu11;
				GCC_NO_COMMON_BLOCKS = YES;
				GCC_WARN_64_TO_32_BIT_CONVERSION = YES;
				GCC_WARN_ABOUT_RETURN_TYPE = YES_ERROR;
				GCC_WARN_UNDECLARED_SELECTOR = YES;
				GCC_WARN_UNINITIALIZED_AUTOS = YES_AGGRESSIVE;
				GCC_WARN_UNUSED_FUNCTION = YES;
				GCC_WARN_UNUSED_VARIABLE = YES;
				IPHONEOS_DEPLOYMENT_TARGET = 26.0;
				MTL_ENABLE_DEBUG_INFO = NO;
				MTL_FAST_MATH = YES;
				PRODUCT_NAME = "$(TARGET_NAME)";
				SDKROOT = iphoneos;
				SWIFT_COMPILATION_MODE = wholemodule;
				SWIFT_OPTIMIZATION_LEVEL = "-O";
				SWIFT_VERSION = 5.0;
			};
			name = Release;
		};
		68B872497F35811E133D4018 /* Release */ = {
			isa = XCBuildConfiguration;
			buildSettings = {
				BUNDLE_LOADER = "$(TEST_HOST)";
				GENERATE_INFOPLIST_FILE = YES;
				LD_RUNPATH_SEARCH_PATHS = (
					"$(inherited)",
					"@executable_path/Frameworks",
					"@loader_path/Frameworks",
				);
				PRODUCT_BUNDLE_IDENTIFIER = id.homebase.photos.uitests;
				SDKROOT = iphoneos;
				TARGETED_DEVICE_FAMILY = "1,2";
				TEST_TARGET_NAME = iosApp;
			};
			name = Release;
		};
		6C824A6EB4BAD43AE2A4BB29 /* Debug */ = {
			isa = XCBuildConfiguration;
			buildSettings = {
				ALWAYS_SEARCH_USER_PATHS = NO;
				CLANG_ANALYZER_NONNULL = YES;
				CLANG_ANALYZER_NUMBER_OBJECT_CONVERSION = YES_AGGRESSIVE;
				CLANG_CXX_LANGUAGE_STANDARD = "gnu++14";
				CLANG_CXX_LIBRARY = "libc++";
				CLANG_ENABLE_MODULES = YES;
				CLANG_ENABLE_OBJC_ARC = YES;
				CLANG_ENABLE_OBJC_WEAK = YES;
				CLANG_WARN_BLOCK_CAPTURE_AUTORELEASING = YES;
				CLANG_WARN_BOOL_CONVERSION = YES;
				CLANG_WARN_COMMA = YES;
				CLANG_WARN_CONSTANT_CONVERSION = YES;
				CLANG_WARN_DEPRECATED_OBJC_IMPLEMENTATIONS = YES;
				CLANG_WARN_DIRECT_OBJC_ISA_USAGE = YES_ERROR;
				CLANG_WARN_DOCUMENTATION_COMMENTS = YES;
				CLANG_WARN_EMPTY_BODY = YES;
				CLANG_WARN_ENUM_CONVERSION = YES;
				CLANG_WARN_INFINITE_RECURSION = YES;
				CLANG_WARN_INT_CONVERSION = YES;
				CLANG_WARN_NON_LITERAL_NULL_CONVERSION = YES;
				CLANG_WARN_OBJC_IMPLICIT_RETAIN_SELF = YES;
				CLANG_WARN_OBJC_LITERAL_CONVERSION = YES;
				CLANG_WARN_OBJC_ROOT_CLASS = YES_ERROR;
				CLANG_WARN_QUOTED_INCLUDE_IN_FRAMEWORK_HEADER = YES;
				CLANG_WARN_RANGE_LOOP_ANALYSIS = YES;
				CLANG_WARN_STRICT_PROTOTYPES = YES;
				CLANG_WARN_SUSPICIOUS_MOVE = YES;
				CLANG_WARN_UNGUARDED_AVAILABILITY = YES_AGGRESSIVE;
				CLANG_WARN_UNREACHABLE_CODE = YES;
				CLANG_WARN__DUPLICATE_METHOD_MATCH = YES;
				COPY_PHASE_STRIP = NO;
				DEBUG_INFORMATION_FORMAT = dwarf;
				ENABLE_STRICT_OBJC_MSGSEND = YES;
				ENABLE_TESTABILITY = YES;
				ENABLE_USER_SCRIPT_SANDBOXING = NO;
				GCC_C_LANGUAGE_STANDARD = gnu11;
				GCC_DYNAMIC_NO_PIC = NO;
				GCC_NO_COMMON_BLOCKS = YES;
				GCC_OPTIMIZATION_LEVEL = 0;
				GCC_PREPROCESSOR_DEFINITIONS = (
					"$(inherited)",
					"DEBUG=1",
				);
				GCC_WARN_64_TO_32_BIT_CONVERSION = YES;
				GCC_WARN_ABOUT_RETURN_TYPE = YES_ERROR;
				GCC_WARN_UNDECLARED_SELECTOR = YES;
				GCC_WARN_UNINITIALIZED_AUTOS = YES_AGGRESSIVE;
				GCC_WARN_UNUSED_FUNCTION = YES;
				GCC_WARN_UNUSED_VARIABLE = YES;
				IPHONEOS_DEPLOYMENT_TARGET = 26.0;
				MTL_ENABLE_DEBUG_INFO = INCLUDE_SOURCE;
				MTL_FAST_MATH = YES;
				ONLY_ACTIVE_ARCH = YES;
				PRODUCT_NAME = "$(TARGET_NAME)";
				SDKROOT = iphoneos;
				SWIFT_ACTIVE_COMPILATION_CONDITIONS = DEBUG;
				SWIFT_OPTIMIZATION_LEVEL = "-Onone";
				SWIFT_VERSION = 5.0;
			};
			name = Debug;
		};
		87B17B5399C9FFE987AA9050 /* Debug */ = {
			isa = XCBuildConfiguration;
			buildSettings = {
				BUNDLE_LOADER = "$(TEST_HOST)";
				GENERATE_INFOPLIST_FILE = YES;
				LD_RUNPATH_SEARCH_PATHS = (
					"$(inherited)",
					"@executable_path/Frameworks",
					"@loader_path/Frameworks",
				);
				PRODUCT_BUNDLE_IDENTIFIER = id.homebase.photos.uitests;
				SDKROOT = iphoneos;
				TARGETED_DEVICE_FAMILY = "1,2";
				TEST_TARGET_NAME = iosApp;
			};
			name = Debug;
		};
		9221A1FDC06803E8A2FC6E61 /* Debug */ = {
			isa = XCBuildConfiguration;
			buildSettings = {
				ASSETCATALOG_COMPILER_APPICON_NAME = AppIcon;
				CODE_SIGN_IDENTITY = "iPhone Developer";
				FRAMEWORK_SEARCH_PATHS = "$(SRCROOT)/../shared/build/xcode-frameworks/$(CONFIGURATION)/$(SDK_NAME)";
				GENERATE_INFOPLIST_FILE = NO;
				INFOPLIST_FILE = Info.plist;
				LD_RUNPATH_SEARCH_PATHS = (
					"$(inherited)",
					"@executable_path/Frameworks",
				);
				OTHER_LDFLAGS = (
					"$(inherited)",
					"-framework",
					Shared,
					"-lsqlite3",
				);
				PRODUCT_BUNDLE_IDENTIFIER = id.homebase.photos;
				SDKROOT = iphoneos;
				TARGETED_DEVICE_FAMILY = "1,2";
			};
			name = Debug;
		};
		AF835BFF1220CA5AB5B867E4 /* Release */ = {
			isa = XCBuildConfiguration;
			buildSettings = {
				ASSETCATALOG_COMPILER_APPICON_NAME = AppIcon;
				CODE_SIGN_IDENTITY = "iPhone Developer";
				FRAMEWORK_SEARCH_PATHS = "$(SRCROOT)/../shared/build/xcode-frameworks/$(CONFIGURATION)/$(SDK_NAME)";
				GENERATE_INFOPLIST_FILE = NO;
				INFOPLIST_FILE = Info.plist;
				LD_RUNPATH_SEARCH_PATHS = (
					"$(inherited)",
					"@executable_path/Frameworks",
				);
				OTHER_LDFLAGS = (
					"$(inherited)",
					"-framework",
					Shared,
					"-lsqlite3",
				);
				PRODUCT_BUNDLE_IDENTIFIER = id.homebase.photos;
				SDKROOT = iphoneos;
				TARGETED_DEVICE_FAMILY = "1,2";
			};
			name = Release;
		};
/* End XCBuildConfiguration section */

/* Begin XCConfigurationList section */
		23A9D56B778ED352702A9EC4 /* Build configuration list for PBXNativeTarget "iosAppUITests" */ = {
			isa = XCConfigurationList;
			buildConfigurations = (
				87B17B5399C9FFE987AA9050 /* Debug */,
				68B872497F35811E133D4018 /* Release */,
			);
			defaultConfigurationIsVisible = 0;
			defaultConfigurationName = Debug;
		};
		29DCA9F0B3A40325067EB163 /* Build configuration list for PBXNativeTarget "iosApp" */ = {
			isa = XCConfigurationList;
			buildConfigurations = (
				9221A1FDC06803E8A2FC6E61 /* Debug */,
				AF835BFF1220CA5AB5B867E4 /* Release */,
			);
			defaultConfigurationIsVisible = 0;
			defaultConfigurationName = Debug;
		};
		FF7CA1CA754D017066F1822F /* Build configuration list for PBXProject "iosApp" */ = {
			isa = XCConfigurationList;
			buildConfigurations = (
				6C824A6EB4BAD43AE2A4BB29 /* Debug */,
				11814011E7D6EC822BFBC66D /* Release */,
			);
			defaultConfigurationIsVisible = 0;
			defaultConfigurationName = Debug;
		};
/* End XCConfigurationList section */
	};
	rootObject = 242FB5348943441C388468CE /* Project object */;
}
